
Microsoft Visual Studio Solution File, Format Version 12.00
# Visual Studio Version 17
VisualStudioVersion = 17.1.32228.430
MinimumVisualStudioVersion = 10.0.40219.1
Project("{FAE04EC0-301F-11D3-BF4B-00C04F79EFBC}") = "commonoperators5", "commonoperators5.csproj", "{4997DAA6-763A-49AA-9459-E5DE7974EF0B}"
EndProject
Global
	GlobalSection(SolutionConfigurationPlatforms) = preSolution
		Debug|Any CPU = Debug|Any CPU
		Release|Any CPU = Release|Any CPU
	EndGlobalSection
	GlobalSection(ProjectConfigurationPlatforms) = postSolution
		{4997DAA6-763A-49AA-9459-E5DE7974EF0B}.Debug|Any CPU.ActiveCfg = Debug|Any CPU
		{4997DAA6-763A-49AA-9459-E5DE7974EF0B}.Debug|Any CPU.Build.0 = Debug|Any CPU
		{4997DAA6-763A-49AA-9459-E5DE7974EF0B}.Release|Any CPU.ActiveCfg = Release|Any CPU
		{4997DAA6-763A-49AA-9459-E5DE7974EF0B}.Release|Any CPU.Build.0 = Release|Any CPU
	EndGlobalSection
	GlobalSection(SolutionProperties) = preSolution
		HideSolutionNode = FALSE
	EndGlobalSection
	GlobalSection(ExtensibilityGlobals) = postSolution
		SolutionGuid = {6918EC18-F284-43C0-B1F2-51116D3D239D}
	EndGlobalSection
EndGlobal
